# THIS IS AN AUTOGENERATED FILE. DO NOT EDIT THIS FILE DIRECTLY.
# yarn lockfile v1


ansi-styles@^3.2.1:
  version "3.2.1"
  resolved "https://registry.yarnpkg.com/ansi-styles/-/ansi-styles-3.2.1.tgz#41fbb20243e50b12be0f04b8dedbf07520ce841d"
  dependencies:
    color-convert "^1.9.0"

array-filter@^1.0.0:
  version "1.0.0"
  resolved "https://registry.yarnpkg.com/array-filter/-/array-filter-1.0.0.tgz#baf79e62e6ef4c2a4c0b831232daffec251f9d83"

available-typed-arrays@^1.0.0, available-typed-arrays@^1.0.2:
  version "1.0.2"
  resolved "https://registry.yarnpkg.com/available-typed-arrays/-/available-typed-arrays-1.0.2.tgz#6b098ca9d8039079ee3f77f7b783c4480ba513f5"
  dependencies:
    array-filter "^1.0.0"

balanced-match@^0.4.1:
  version "0.4.2"
  resolved "https://registry.yarnpkg.com/balanced-match/-/balanced-match-0.4.2.tgz#cb3f3e3c732dc0f01ee70b403f302e61d7709838"

brace-expansion@^1.1.7:
  version "1.1.7"
  resolved "https://registry.yarnpkg.com/brace-expansion/-/brace-expansion-1.1.7.tgz#3effc3c50e000531fb720eaff80f0ae8ef23cf59"
  dependencies:
    balanced-match "^0.4.1"
    concat-map "0.0.1"

chalk@^2.4.2:
  version "2.4.2"
  resolved "https://registry.yarnpkg.com/chalk/-/chalk-2.4.2.tgz#cd42541677a54333cf541a49108c1432b44c9424"
  dependencies:
    ansi-styles "^3.2.1"
    escape-string-regexp "^1.0.5"
    supports-color "^5.3.0"

color-convert@^1.9.0:
  version "1.9.3"
  resolved "https://registry.yarnpkg.com/color-convert/-/color-convert-1.9.3.tgz#bb71850690e1f136567de629d2d5471deda4c1e8"
  dependencies:
    color-name "1.1.3"

color-name@1.1.3:
  version "1.1.3"
  resolved "https://registry.yarnpkg.com/color-name/-/color-name-1.1.3.tgz#a7d0558bd89c42f795dd42328f740831ca53bc25"

concat-map@0.0.1:
  version "0.0.1"
  resolved "https://registry.yarnpkg.com/concat-map/-/concat-map-0.0.1.tgz#d8a96bd77fd68df7793a73036a3ba0d5405d477b"

deep-equal@^2.0.3:
  version "2.0.3"
  resolved "https://registry.yarnpkg.com/deep-equal/-/deep-equal-2.0.3.tgz#cad1c15277ad78a5c01c49c2dee0f54de8a6a7b0"
  dependencies:
    es-abstract "^1.17.5"
    es-get-iterator "^1.1.0"
    is-arguments "^1.0.4"
    is-date-object "^1.0.2"
    is-regex "^1.0.5"
    isarray "^2.0.5"
    object-is "^1.1.2"
    object-keys "^1.1.1"
    object.assign "^4.1.0"
    regexp.prototype.flags "^1.3.0"
    side-channel "^1.0.2"
    which-boxed-primitive "^1.0.1"
    which-collection "^1.0.1"
    which-typed-array "^1.1.2"

define-properties@^1.1.2:
  version "1.1.2"
  resolved "https://registry.yarnpkg.com/define-properties/-/define-properties-1.1.2.tgz#83a73f2fea569898fb737193c8f873caf6d45c94"
  dependencies:
    foreach "^2.0.5"
    object-keys "^1.0.8"

define-properties@^1.1.3:
  version "1.1.3"
  resolved "https://registry.yarnpkg.com/define-properties/-/define-properties-1.1.3.tgz#cf88da6cbee26fe6db7094f61d870cbd84cee9f1"
  dependencies:
    object-keys "^1.0.12"

defined@^1.0.0:
  version "1.0.0"
  resolved "https://registry.yarnpkg.com/defined/-/defined-1.0.0.tgz#c98d9bcef75674188e110969151199e39b1fa693"

dotignore@^0.1.2:
  version "0.1.2"
  resolved "https://registry.yarnpkg.com/dotignore/-/dotignore-0.1.2.tgz#f942f2200d28c3a76fbdd6f0ee9f3257c8a2e905"
  dependencies:
    minimatch "^3.0.4"

es-abstract@^1.17.0-next.1, es-abstract@^1.17.4, es-abstract@^1.17.5:
  version "1.17.6"
  resolved "https://registry.yarnpkg.com/es-abstract/-/es-abstract-1.17.6.tgz#9142071707857b2cacc7b89ecb670316c3e2d52a"
  dependencies:
    es-to-primitive "^1.2.1"
    function-bind "^1.1.1"
    has "^1.0.3"
    has-symbols "^1.0.1"
    is-callable "^1.2.0"
    is-regex "^1.1.0"
    object-inspect "^1.7.0"
    object-keys "^1.1.1"
    object.assign "^4.1.0"
    string.prototype.trimend "^1.0.1"
    string.prototype.trimstart "^1.0.1"

es-get-iterator@^1.1.0:
  version "1.1.0"
  resolved "https://registry.yarnpkg.com/es-get-iterator/-/es-get-iterator-1.1.0.tgz#bb98ad9d6d63b31aacdc8f89d5d0ee57bcb5b4c8"
  dependencies:
    es-abstract "^1.17.4"
    has-symbols "^1.0.1"
    is-arguments "^1.0.4"
    is-map "^2.0.1"
    is-set "^2.0.1"
    is-string "^1.0.5"
    isarray "^2.0.5"

es-to-primitive@^1.2.1:
  version "1.2.1"
  resolved "https://registry.yarnpkg.com/es-to-primitive/-/es-to-primitive-1.2.1.tgz#e55cd4c9cdc188bcefb03b366c736323fc5c898a"
  dependencies:
    is-callable "^1.1.4"
    is-date-object "^1.0.1"
    is-symbol "^1.0.2"

escape-string-regexp@^1.0.5:
  version "1.0.5"
  resolved "https://registry.yarnpkg.com/escape-string-regexp/-/escape-string-regexp-1.0.5.tgz#1b61c0562190a8dff6ae3bb2cf0200ca130b86d4"

for-each@^0.3.3:
  version "0.3.3"
  resolved "https://registry.yarnpkg.com/for-each/-/for-each-0.3.3.tgz#69b447e88a0a5d32c3e7084f3f1710034b21376e"
  dependencies:
    is-callable "^1.1.3"

foreach@^2.0.5:
  version "2.0.5"
  resolved "https://registry.yarnpkg.com/foreach/-/foreach-2.0.5.tgz#0bee005018aeb260d0a3af3ae658dd0136ec1b99"

fs.realpath@^1.0.0:
  version "1.0.0"
  resolved "https://registry.yarnpkg.com/fs.realpath/-/fs.realpath-1.0.0.tgz#1504ad2523158caa40db4a2787cb01411994ea4f"

function-bind@^1.1.1:
  version "1.1.1"
  resolved "https://registry.yarnpkg.com/function-bind/-/function-bind-1.1.1.tgz#a56899d3ea3c9bab874bb9773b7c5ede92f4895d"

glob@^7.1.6:
  version "7.1.6"
  resolved "https://registry.yarnpkg.com/glob/-/glob-7.1.6.tgz#141f33b81a7c2492e125594307480c46679278a6"
  dependencies:
    fs.realpath "^1.0.0"
    inflight "^1.0.4"
    inherits "2"
    minimatch "^3.0.4"
    once "^1.3.0"
    path-is-absolute "^1.0.0"

has-flag@^3.0.0:
  version "3.0.0"
  resolved "https://registry.yarnpkg.com/has-flag/-/has-flag-3.0.0.tgz#b5d454dc2199ae225699f3467e5a07f3b955bafd"

has-symbols@^1.0.0, has-symbols@^1.0.1:
  version "1.0.1"
  resolved "https://registry.yarnpkg.com/has-symbols/-/has-symbols-1.0.1.tgz#9f5214758a44196c406d9bd76cebf81ec2dd31e8"

has@^1.0.3:
  version "1.0.3"
  resolved "https://registry.yarnpkg.com/has/-/has-1.0.3.tgz#722d7cbfc1f6aa8241f16dd814e011e1f41e8796"
  dependencies:
    function-bind "^1.1.1"

inflight@^1.0.4:
  version "1.0.6"
  resolved "https://registry.yarnpkg.com/inflight/-/inflight-1.0.6.tgz#49bd6331d7d02d0c09bc910a1075ba8165b56df9"
  dependencies:
    once "^1.3.0"
    wrappy "1"

inherits@2:
  version "2.0.3"
  resolved "https://registry.yarnpkg.com/inherits/-/inherits-2.0.3.tgz#633c2c83e3da42a502f52466022480f4208261de"

inherits@^2.0.4:
  version "2.0.4"
  resolved "https://registry.yarnpkg.com/inherits/-/inherits-2.0.4.tgz#0fa2c64f932917c3433a0ded55363aae37416b7c"

is-arguments@^1.0.4:
  version "1.0.4"
  resolved "https://registry.yarnpkg.com/is-arguments/-/is-arguments-1.0.4.tgz#3faf966c7cba0ff437fb31f6250082fcf0448cf3"

is-bigint@^1.0.0:
  version "1.0.0"
  resolved "https://registry.yarnpkg.com/is-bigint/-/is-bigint-1.0.0.tgz#73da8c33208d00f130e9b5e15d23eac9215601c4"

is-boolean-object@^1.0.0:
  version "1.0.1"
  resolved "https://registry.yarnpkg.com/is-boolean-object/-/is-boolean-object-1.0.1.tgz#10edc0900dd127697a92f6f9807c7617d68ac48e"

is-callable@^1.1.3:
  version "1.1.3"
  resolved "https://registry.yarnpkg.com/is-callable/-/is-callable-1.1.3.tgz#86eb75392805ddc33af71c92a0eedf74ee7604b2"

is-callable@^1.1.4, is-callable@^1.2.0:
  version "1.2.0"
  resolved "https://registry.yarnpkg.com/is-callable/-/is-callable-1.2.0.tgz#83336560b54a38e35e3a2df7afd0454d691468bb"

is-date-object@^1.0.1:
  version "1.0.1"
  resolved "https://registry.yarnpkg.com/is-date-object/-/is-date-object-1.0.1.tgz#9aa20eb6aeebbff77fbd33e74ca01b33581d3a16"

is-date-object@^1.0.2:
  version "1.0.2"
  resolved "https://registry.yarnpkg.com/is-date-object/-/is-date-object-1.0.2.tgz#bda736f2cd8fd06d32844e7743bfa7494c3bfd7e"

is-map@^2.0.1:
  version "2.0.1"
  resolved "https://registry.yarnpkg.com/is-map/-/is-map-2.0.1.tgz#520dafc4307bb8ebc33b813de5ce7c9400d644a1"

is-number-object@^1.0.3:
  version "1.0.4"
  resolved "https://registry.yarnpkg.com/is-number-object/-/is-number-object-1.0.4.tgz#36ac95e741cf18b283fc1ddf5e83da798e3ec197"

is-regex@^1.0.5, is-regex@^1.1.0:
  version "1.1.0"
  resolved "https://registry.yarnpkg.com/is-regex/-/is-regex-1.1.0.tgz#ece38e389e490df0dc21caea2bd596f987f767ff"
  dependencies:
    has-symbols "^1.0.1"

is-set@^2.0.1:
  version "2.0.1"
  resolved "https://registry.yarnpkg.com/is-set/-/is-set-2.0.1.tgz#d1604afdab1724986d30091575f54945da7e5f43"

is-string@^1.0.4, is-string@^1.0.5:
  version "1.0.5"
  resolved "https://registry.yarnpkg.com/is-string/-/is-string-1.0.5.tgz#40493ed198ef3ff477b8c7f92f644ec82a5cd3a6"

is-symbol@^1.0.2:
  version "1.0.3"
  resolved "https://registry.yarnpkg.com/is-symbol/-/is-symbol-1.0.3.tgz#38e1014b9e6329be0de9d24a414fd7441ec61937"
  dependencies:
    has-symbols "^1.0.1"

is-typed-array@^1.1.3:
  version "1.1.3"
  resolved "https://registry.yarnpkg.com/is-typed-array/-/is-typed-array-1.1.3.tgz#a4ff5a5e672e1a55f99c7f54e59597af5c1df04d"
  dependencies:
    available-typed-arrays "^1.0.0"
    es-abstract "^1.17.4"
    foreach "^2.0.5"
    has-symbols "^1.0.1"

is-weakmap@^2.0.1:
  version "2.0.1"
  resolved "https://registry.yarnpkg.com/is-weakmap/-/is-weakmap-2.0.1.tgz#5008b59bdc43b698201d18f62b37b2ca243e8cf2"

is-weakset@^2.0.1:
  version "2.0.1"
  resolved "https://registry.yarnpkg.com/is-weakset/-/is-weakset-2.0.1.tgz#e9a0af88dbd751589f5e50d80f4c98b780884f83"

isarray@^2.0.5:
  version "2.0.5"
  resolved "https://registry.yarnpkg.com/isarray/-/isarray-2.0.5.tgz#8af1e4c1221244cc62459faf38940d4e644a5723"

minimatch@^3.0.4:
  version "3.0.4"
  resolved "https://registry.yarnpkg.com/minimatch/-/minimatch-3.0.4.tgz#5166e286457f03306064be5497e8dbb0c3d32083"
  dependencies:
    brace-expansion "^1.1.7"

minimist@^1.2.5:
  version "1.2.5"
  resolved "https://registry.yarnpkg.com/minimist/-/minimist-1.2.5.tgz#67d66014b66a6a8aaa0c083c5fd58df4e4e97602"

object-inspect@^1.7.0:
  version "1.8.0"
  resolved "https://registry.yarnpkg.com/object-inspect/-/object-inspect-1.8.0.tgz#df807e5ecf53a609cc6bfe93eac3cc7be5b3a9d0"

object-is@^1.1.2:
  version "1.1.2"
  resolved "https://registry.yarnpkg.com/object-is/-/object-is-1.1.2.tgz#c5d2e87ff9e119f78b7a088441519e2eec1573b6"
  dependencies:
    define-properties "^1.1.3"
    es-abstract "^1.17.5"

object-keys@^1.0.11, object-keys@^1.0.12, object-keys@^1.1.1:
  version "1.1.1"
  resolved "https://registry.yarnpkg.com/object-keys/-/object-keys-1.1.1.tgz#1c47f272df277f3b1daf061677d9c82e2322c60e"

object-keys@^1.0.8:
  version "1.0.11"
  resolved "https://registry.yarnpkg.com/object-keys/-/object-keys-1.0.11.tgz#c54601778ad560f1142ce0e01bcca8b56d13426d"

object.assign@^4.1.0:
  version "4.1.0"
  resolved "https://registry.yarnpkg.com/object.assign/-/object.assign-4.1.0.tgz#968bf1100d7956bb3ca086f006f846b3bc4008da"
  dependencies:
    define-properties "^1.1.2"
    function-bind "^1.1.1"
    has-symbols "^1.0.0"
    object-keys "^1.0.11"

once@^1.3.0:
  version "1.4.0"
  resolved "https://registry.yarnpkg.com/once/-/once-1.4.0.tgz#583b1aa775961d4b113ac17d9c50baef9dd76bd1"
  dependencies:
    wrappy "1"

path-is-absolute@^1.0.0:
  version "1.0.1"
  resolved "https://registry.yarnpkg.com/path-is-absolute/-/path-is-absolute-1.0.1.tgz#174b9268735534ffbc7ace6bf53a5a9e1b5c5f5f"

path-parse@^1.0.6:
  version "1.0.6"
  resolved "https://registry.yarnpkg.com/path-parse/-/path-parse-1.0.6.tgz#d62dbb5679405d72c4737ec58600e9ddcf06d24c"

postcss@^7.0.32:
  version "7.0.32"
  resolved "https://registry.yarnpkg.com/postcss/-/postcss-7.0.32.tgz#4310d6ee347053da3433db2be492883d62cec59d"
  dependencies:
    chalk "^2.4.2"
    source-map "^0.6.1"
    supports-color "^6.1.0"

regexp.prototype.flags@^1.3.0:
  version "1.3.0"
  resolved "https://registry.yarnpkg.com/regexp.prototype.flags/-/regexp.prototype.flags-1.3.0.tgz#7aba89b3c13a64509dabcf3ca8d9fbb9bdf5cb75"
  dependencies:
    define-properties "^1.1.3"
    es-abstract "^1.17.0-next.1"

resolve@^1.17.0:
  version "1.17.0"
  resolved "https://registry.yarnpkg.com/resolve/-/resolve-1.17.0.tgz#b25941b54968231cc2d1bb76a79cb7f2c0bf8444"
  dependencies:
    path-parse "^1.0.6"

resumer@^0.0.0:
  version "0.0.0"
  resolved "https://registry.yarnpkg.com/resumer/-/resumer-0.0.0.tgz#f1e8f461e4064ba39e82af3cdc2a8c893d076759"
  dependencies:
    through "~2.3.4"

side-channel@^1.0.2:
  version "1.0.2"
  resolved "https://registry.yarnpkg.com/side-channel/-/side-channel-1.0.2.tgz#df5d1abadb4e4bf4af1cd8852bf132d2f7876947"
  dependencies:
    es-abstract "^1.17.0-next.1"
    object-inspect "^1.7.0"

source-map@^0.6.1:
  version "0.6.1"
  resolved "https://registry.yarnpkg.com/source-map/-/source-map-0.6.1.tgz#74722af32e9614e9c287a8d0bbde48b5e2f1a263"

string.prototype.trim@^1.2.1:
  version "1.2.1"
  resolved "https://registry.yarnpkg.com/string.prototype.trim/-/string.prototype.trim-1.2.1.tgz#141233dff32c82bfad80684d7e5f0869ee0fb782"
  dependencies:
    define-properties "^1.1.3"
    es-abstract "^1.17.0-next.1"
    function-bind "^1.1.1"

string.prototype.trimend@^1.0.1:
  version "1.0.1"
  resolved "https://registry.yarnpkg.com/string.prototype.trimend/-/string.prototype.trimend-1.0.1.tgz#85812a6b847ac002270f5808146064c995fb6913"
  dependencies:
    define-properties "^1.1.3"
    es-abstract "^1.17.5"

string.prototype.trimstart@^1.0.1:
  version "1.0.1"
  resolved "https://registry.yarnpkg.com/string.prototype.trimstart/-/string.prototype.trimstart-1.0.1.tgz#14af6d9f34b053f7cfc89b72f8f2ee14b9039a54"
  dependencies:
    define-properties "^1.1.3"
    es-abstract "^1.17.5"

supports-color@^5.3.0:
  version "5.5.0"
  resolved "https://registry.yarnpkg.com/supports-color/-/supports-color-5.5.0.tgz#e2e69a44ac8772f78a1ec0b35b689df6530efc8f"
  dependencies:
    has-flag "^3.0.0"

supports-color@^6.1.0:
  version "6.1.0"
  resolved "https://registry.yarnpkg.com/supports-color/-/supports-color-6.1.0.tgz#0764abc69c63d5ac842dd4867e8d025e880df8f3"
  dependencies:
    has-flag "^3.0.0"

tape@^5.0.1:
  version "5.0.1"
  resolved "https://registry.yarnpkg.com/tape/-/tape-5.0.1.tgz#0d70ce90a586387c4efda4393e72872672a416a3"
  dependencies:
    deep-equal "^2.0.3"
    defined "^1.0.0"
    dotignore "^0.1.2"
    for-each "^0.3.3"
    function-bind "^1.1.1"
    glob "^7.1.6"
    has "^1.0.3"
    inherits "^2.0.4"
    is-regex "^1.0.5"
    minimist "^1.2.5"
    object-inspect "^1.7.0"
    object-is "^1.1.2"
    object.assign "^4.1.0"
    resolve "^1.17.0"
    resumer "^0.0.0"
    string.prototype.trim "^1.2.1"
    through "^2.3.8"

through@^2.3.8, through@~2.3.4:
  version "2.3.8"
  resolved "https://registry.yarnpkg.com/through/-/through-2.3.8.tgz#0dd4c9ffaabc357960b1b724115d7e0e86a2e1f5"

which-boxed-primitive@^1.0.1:
  version "1.0.1"
  resolved "https://registry.yarnpkg.com/which-boxed-primitive/-/which-boxed-primitive-1.0.1.tgz#cbe8f838ebe91ba2471bb69e9edbda67ab5a5ec1"
  dependencies:
    is-bigint "^1.0.0"
    is-boolean-object "^1.0.0"
    is-number-object "^1.0.3"
    is-string "^1.0.4"
    is-symbol "^1.0.2"

which-collection@^1.0.1:
  version "1.0.1"
  resolved "https://registry.yarnpkg.com/which-collection/-/which-collection-1.0.1.tgz#70eab71ebbbd2aefaf32f917082fc62cdcb70906"
  dependencies:
    is-map "^2.0.1"
    is-set "^2.0.1"
    is-weakmap "^2.0.1"
    is-weakset "^2.0.1"

which-typed-array@^1.1.2:
  version "1.1.2"
  resolved "https://registry.yarnpkg.com/which-typed-array/-/which-typed-array-1.1.2.tgz#e5f98e56bda93e3dac196b01d47c1156679c00b2"
  dependencies:
    available-typed-arrays "^1.0.2"
    es-abstract "^1.17.5"
    foreach "^2.0.5"
    function-bind "^1.1.1"
    has-symbols "^1.0.1"
    is-typed-array "^1.1.3"

wrappy@1:
  version "1.0.2"
  resolved "https://registry.yarnpkg.com/wrappy/-/wrappy-1.0.2.tgz#b5243d8f3ec1aa35f1364605bc0d1036e30ab69f"
